
Microsoft Visual Studio Solution File, Format Version 12.00
# Visual Studio Version 16
VisualStudioVersion = 16.0.29123.88
MinimumVisualStudioVersion = 10.0.40219.1
Project("{FAE04EC0-301F-11D3-BF4B-00C04F79EFBC}") = "PlacementEditor", "PlacementEditor\PlacementEditor.csproj", "{D690EAEF-6DBC-4FD3-B715-A5E58FB895CE}"
EndProject
Global
	GlobalSection(SolutionConfigurationPlatforms) = preSolution
		Debug|Any CPU = Debug|Any CPU
		Release|Any CPU = Release|Any CPU
	EndGlobalSection
	GlobalSection(ProjectConfigurationPlatforms) = postSolution
		{D690EAEF-6DBC-4FD3-B715-A5E58FB895CE}.Debug|Any CPU.ActiveCfg = Debug|Any CPU
		{D690EAEF-6DBC-4FD3-B715-A5E58FB895CE}.Debug|Any CPU.Build.0 = Debug|Any CPU
		{D690EAEF-6DBC-4FD3-B715-A5E58FB895CE}.Release|Any CPU.ActiveCfg = Release|Any CPU
		{D690EAEF-6DBC-4FD3-B715-A5E58FB895CE}.Release|Any CPU.Build.0 = Release|Any CPU
	EndGlobalSection
	GlobalSection(SolutionProperties) = preSolution
		HideSolutionNode = FALSE
	EndGlobalSection
	GlobalSection(ExtensibilityGlobals) = postSolution
		SolutionGuid = {C5E7C9E3-7EAE-476F-B73F-D9EB3A49E631}
	EndGlobalSection
EndGlobal
